// !$*UTF8*$!
{
	archiveVersion = 1;
	classes = {
	};
	objectVersion = 46;
	objects = {

/* Begin PBXBuildFile section */
		84CEBBD9225B45F300A2E005 /* AppDelegate.swift in Sources */ = {isa = PBXBuildFile; fileRef = 84CEBBD8225B45F300A2E005 /* AppDelegate.swift */; };
		84CEBBE0225B45F300A2E005 /* Assets.xcassets in Resources */ = {isa = PBXBuildFile; fileRef = 84CEBBDF225B45F300A2E005 /* Assets.xcassets */; };
		84CEBBE3225B45F300A2E005 /* LaunchScreen.storyboard in Resources */ = {isa = PBXBuildFile; fileRef = 84CEBBE1225B45F300A2E005 /* LaunchScreen.storyboard */; };
		84CEBBF0225B487A00A2E005 /* Main.storyboard in Resources */ = {isa = PBXBuildFile; fileRef = 84CEBBEE225B487A00A2E005 /* Main.storyboard */; };
		84CEBBF1225B487A00A2E005 /* Clippy.swift in Sources */ = {isa = PBXBuildFile; fileRef = 84CEBBEF225B487A00A2E005 /* Clippy.swift */; };
		84CEBBF3225B489100A2E005 /* Clippy.png in Resources */ = {isa = PBXBuildFile; fileRef = 84CEBBF2225B489100A2E005 /* Clippy.png */; };
/* End PBXBuildFile section */

/* Begin PBXFileReference section */
		84CEBBD5225B45F300A2E005 /* SmartAssClippy.app */ = {isa = PBXFileReference; explicitFileType = wrapper.application; includeInIndex = 0; path = SmartAssClippy.app; sourceTree = BUILT_PRODUCTS_DIR; };
		84CEBBD8225B45F300A2E005 /* AppDelegate.swift */ = {isa = PBXFileReference; lastKnownFileType = sourcecode.swift; path = AppDelegate.swift; sourceTree = "<group>"; };
		84CEBBDF225B45F300A2E005 /* Assets.xcassets */ = {isa = PBXFileReference; lastKnownFileType = folder.assetcatalog; path = Assets.xcassets; sourceTree = "<group>"; };
		84CEBBE2225B45F300A2E005 /* Base */ = {isa = PBXFileReference; lastKnownFileType = file.storyboard; name = Base; path = Base.lproj/LaunchScreen.storyboard; sourceTree = "<group>"; };
		84CEBBE4225B45F400A2E005 /* Info.plist */ = {isa = PBXFileReference; lastKnownFileType = text.plist.xml; path = Info.plist; sourceTree = "<group>"; };
		84CEBBEE225B487A00A2E005 /* Main.storyboard */ = {isa = PBXFileReference; fileEncoding = 4; lastKnownFileType = file.storyboard; path = Main.storyboard; sourceTree = "<group>"; };
		84CEBBEF225B487A00A2E005 /* Clippy.swift */ = {isa = PBXFileReference; fileEncoding = 4; lastKnownFileType = sourcecode.swift; path = Clippy.swift; sourceTree = "<group>"; };
		84CEBBF2225B489100A2E005 /* Clippy.png */ = {isa = PBXFileReference; lastKnownFileType = image.png; name = Clippy.png; path = ../../Clippy.png; sourceTree = "<group>"; };
/* End PBXFileReference section */

/* Begin PBXFrameworksBuildPhase section */
		84CEBBD2225B45F300A2E005 /* Frameworks */ = {
			isa = PBXFrameworksBuildPhase;
			buildActionMask = 2147483647;
			files = (
			);
			runOnlyForDeploymentPostprocessing = 0;
		};
/* End PBXFrameworksBuildPhase section */

/* Begin PBXGroup section */
		84CEBBCC225B45F200A2E005 = {
			isa = PBXGroup;
			children = (
				84CEBBD7225B45F300A2E005 /* SmartAssClippy */,
				84CEBBD6225B45F300A2E005 /* Products */,
			);
			sourceTree = "<group>";
		};
		84CEBBD6225B45F300A2E005 /* Products */ = {
			isa = PBXGroup;
			children = (
				84CEBBD5225B45F300A2E005 /* SmartAssClippy.app */,
			);
			name = Products;
			sourceTree = "<group>";
		};
		84CEBBD7225B45F300A2E005 /* SmartAssClippy */ = {
			isa = PBXGroup;
			children = (
				84CEBBEE225B487A00A2E005 /* Main.storyboard */,
				84CEBBF2225B489100A2E005 /* Clippy.png */,
				84CEBBEF225B487A00A2E005 /* Clippy.swift */,
				84CEBBD8225B45F300A2E005 /* AppDelegate.swift */,
				84CEBBDF225B45F300A2E005 /* Assets.xcassets */,
				84CEBBE1225B45F300A2E005 /* LaunchScreen.storyboard */,
				84CEBBE4225B45F400A2E005 /* Info.plist */,
			);
			path = SmartAssClippy;
			sourceTree = "<group>";
		};
/* End PBXGroup section */

/* Begin PBXNativeTarget section */
		84CEBBD4225B45F300A2E005 /* SmartAssClippy */ = {
			isa = PBXNativeTarget;
			buildConfigurationList = 84CEBBE7225B45F400A2E005 /* Build configuration list for PBXNativeTarget "SmartAssClippy" */;
			buildPhases = (
				84CEBBD1225B45F300A2E005 /* Sources */,
				84CEBBD2225B45F300A2E005 /* Frameworks */,
				84CEBBD3225B45F300A2E005 /* Resources */,
			);
			buildRules = (
			);
			dependencies = (
			);
			name = SmartAssClippy;
			productName = SmartAssClippy;
			productReference = 84CEBBD5225B45F300A2E005 /* SmartAssClippy.app */;
			productType = "com.apple.product-type.application";
		};
/* End PBXNativeTarget section */

/* Begin PBXProject section */
		84CEBBCD225B45F200A2E005 /* Project object */ = {
			isa = PBXProject;
			attributes = {
				LastSwiftUpdateCheck = 0800;
				LastUpgradeCheck = 0800;
				ORGANIZATIONNAME = admin;
				TargetAttributes = {
					84CEBBD4225B45F300A2E005 = {
						CreatedOnToolsVersion = 8.0;
						DevelopmentTeam = N6M3GGC92B;
						ProvisioningStyle = Automatic;
					};
				};
			};
			buildConfigurationList = 84CEBBD0225B45F200A2E005 /* Build configuration list for PBXProject "SmartAssClippy" */;
			compatibilityVersion = "Xcode 3.2";
			developmentRegion = English;
			hasScannedForEncodings = 0;
			knownRegions = (
				en,
				Base,
			);
			mainGroup = 84CEBBCC225B45F200A2E005;
			productRefGroup = 84CEBBD6225B45F300A2E005 /* Products */;
			projectDirPath = "";
			projectRoot = "";
			targets = (
				84CEBBD4225B45F300A2E005 /* SmartAssClippy */,
			);
		};
/* End PBXProject section */

/* Begin PBXResourcesBuildPhase section */
		84CEBBD3225B45F300A2E005 /* Resources */ = {
			isa = PBXResourcesBuildPhase;
			buildActionMask = 2147483647;
			files = (
				84CEBBE3225B45F300A2E005 /* LaunchScreen.storyboard in Resources */,
				84CEBBF0225B487A00A2E005 /* Main.storyboard in Resources */,
				84CEBBF3225B489100A2E005 /* Clippy.png in Resources */,
				84CEBBE0225B45F300A2E005 /* Assets.xcassets in Resources */,
			);
			runOnlyForDeploymentPostprocessing = 0;
		};
/* End PBXResourcesBuildPhase section */

/* Begin PBXSourcesBuildPhase section */
		84CEBBD1225B45F300A2E005 /* Sources */ = {
			isa = PBXSourcesBuildPhase;
			buildActionMask = 2147483647;
			files = (
				84CEBBD9225B45F300A2E005 /* AppDelegate.swift in Sources */,
				84CEBBF1225B487A00A2E005 /* Clippy.swift in Sources */,
			);
			runOnlyForDeploymentPostprocessing = 0;
		};
/* End PBXSourcesBuildPhase section */

/* Begin PBXVariantGroup section */
		84CEBBE1225B45F300A2E005 /* LaunchScreen.storyboard */ = {
			isa = PBXVariantGroup;
			children = (
				84CEBBE2225B45F300A2E005 /* Base */,
			);
			name = LaunchScreen.storyboard;
			sourceTree = "<group>";
		};
/* End PBXVariantGroup section */

/* Begin XCBuildConfiguration section */
		84CEBBE5225B45F400A2E005 /* Debug */ = {
			isa = XCBuildConfiguration;
			buildSettings = {
				ALWAYS_SEARCH_USER_PATHS = NO;
				CLANG_ANALYZER_NONNULL = YES;
				CLANG_CXX_LANGUAGE_STANDARD = "gnu++0x";
				CLANG_CXX_LIBRARY = "libc++";
				CLANG_ENABLE_MODULES = YES;
				CLANG_ENABLE_OBJC_ARC = YES;
				CLANG_WARN_BOOL_CONVERSION = YES;
				CLANG_WARN_CONSTANT_CONVERSION = YES;
				CLANG_WARN_DIRECT_OBJC_ISA_USAGE = YES_ERROR;
				CLANG_WARN_DOCUMENTATION_COMMENTS = YES;
				CLANG_WARN_EMPTY_BODY = YES;
				CLANG_WARN_ENUM_CONVERSION = YES;
				CLANG_WARN_INFINITE_RECURSION = YES;
				CLANG_WARN_INT_CONVERSION = YES;
				CLANG_WARN_OBJC_ROOT_CLASS = YES_ERROR;
				CLANG_WARN_SUSPICIOUS_MOVES = YES;
				CLANG_WARN_UNREACHABLE_CODE = YES;
				CLANG_WARN__DUPLICATE_METHOD_MATCH = YES;
				"CODE_SIGN_IDENTITY[sdk=iphoneos*]" = "iPhone Developer";
				COPY_PHASE_STRIP = NO;
				DEBUG_INFORMATION_FORMAT = dwarf;
				ENABLE_STRICT_OBJC_MSGSEND = YES;
				ENABLE_TESTABILITY = YES;
				GCC_C_LANGUAGE_STANDARD = gnu99;
				GCC_DYNAMIC_NO_PIC = NO;
				GCC_NO_COMMON_BLOCKS = YES;
				GCC_OPTIMIZATION_LEVEL = 0;
				GCC_PREPROCESSOR_DEFINITIONS = (
					"DEBUG=1",
					"$(inherited)",
				);
				GCC_WARN_64_TO_32_BIT_CONVERSION = YES;
				GCC_WARN_ABOUT_RETURN_TYPE = YES_ERROR;
				GCC_WARN_UNDECLARED_SELECTOR = YES;
				GCC_WARN_UNINITIALIZED_AUTOS = YES_AGGRESSIVE;
				GCC_WARN_UNUSED_FUNCTION = YES;
				GCC_WARN_UNUSED_VARIABLE = YES;
				IPHONEOS_DEPLOYMENT_TARGET = 10.0;
				MTL_ENABLE_DEBUG_INFO = YES;
				ONLY_ACTIVE_ARCH = YES;
				SDKROOT = iphoneos;
				SWIFT_ACTIVE_COMPILATION_CONDITIONS = DEBUG;
				SWIFT_OPTIMIZATION_LEVEL = "-Onone";
				TARGETED_DEVICE_FAMILY = "1,2";
			};
			name = Debug;
		};
		84CEBBE6225B45F400A2E005 /* Release */ = {
			isa = XCBuildConfiguration;
			buildSettings = {
				ALWAYS_SEARCH_USER_PATHS = NO;
				CLANG_ANALYZER_NONNULL = YES;
				CLANG_CXX_LANGUAGE_STANDARD = "gnu++0x";
				CLANG_CXX_LIBRARY = "libc++";
				CLANG_ENABLE_MODULES = YES;
				CLANG_ENABLE_OBJC_ARC = YES;
				CLANG_WARN_BOOL_CONVERSION = YES;
				CLANG_WARN_CONSTANT_CONVERSION = YES;
				CLANG_WARN_DIRECT_OBJC_ISA_USAGE = YES_ERROR;
				CLANG_WARN_DOCUMENTATION_COMMENTS = YES;
				CLANG_WARN_EMPTY_BODY = YES;
				CLANG_WARN_ENUM_CONVERSION = YES;
				CLANG_WARN_INFINITE_RECURSION = YES;
				CLANG_WARN_INT_CONVERSION = YES;
				CLANG_WARN_OBJC_ROOT_CLASS = YES_ERROR;
				CLANG_WARN_SUSPICIOUS_MOVES = YES;
				CLANG_WARN_UNREACHABLE_CODE = YES;
				CLANG_WARN__DUPLICATE_METHOD_MATCH = YES;
				"CODE_SIGN_IDENTITY[sdk=iphoneos*]" = "iPhone Developer";
				COPY_PHASE_STRIP = NO;
				DEBUG_INFORMATION_FORMAT = "dwarf-with-dsym";
				ENABLE_NS_ASSERTIONS = NO;
				ENABLE_STRICT_OBJC_MSGSEND = YES;
				GCC_C_LANGUAGE_STANDARD = gnu99;
				GCC_NO_COMMON_BLOCKS = YES;
				GCC_WARN_64_TO_32_BIT_CONVERSION = YES;
				GCC_WARN_ABOUT_RETURN_TYPE = YES_ERROR;
				GCC_WARN_UNDECLARED_SELECTOR = YES;
				GCC_WARN_UNINITIALIZED_AUTOS = YES_AGGRESSIVE;
				GCC_WARN_UNUSED_FUNCTION = YES;
				GCC_WARN_UNUSED_VARIABLE = YES;
				IPHONEOS_DEPLOYMENT_TARGET = 10.0;
				MTL_ENABLE_DEBUG_INFO = NO;
				SDKROOT = iphoneos;
				SWIFT_OPTIMIZATION_LEVEL = "-Owholemodule";
				TARGETED_DEVICE_FAMILY = "1,2";
				VALIDATE_PRODUCT = YES;
			};
			name = Release;
		};
		84CEBBE8225B45F400A2E005 /* Debug */ = {
			isa = XCBuildConfiguration;
			buildSettings = {
				ASSETCATALOG_COMPILER_APPICON_NAME = AppIcon;
				DEVELOPMENT_TEAM = N6M3GGC92B;
				INFOPLIST_FILE = SmartAssClippy/Info.plist;
				LD_RUNPATH_SEARCH_PATHS = "$(inherited) @executable_path/Frameworks";
				PRODUCT_BUNDLE_IDENTIFIER = space.freeappsw.SmartAssClippy;
				PRODUCT_NAME = "$(TARGET_NAME)";
				SWIFT_VERSION = 3.0;
				TARGETED_DEVICE_FAMILY = 1;
			};
			name = Debug;
		};
		84CEBBE9225B45F400A2E005 /* Release */ = {
			isa = XCBuildConfiguration;
			buildSettings = {
				ASSETCATALOG_COMPILER_APPICON_NAME = AppIcon;
				DEVELOPMENT_TEAM = N6M3GGC92B;
				INFOPLIST_FILE = SmartAssClippy/Info.plist;
				LD_RUNPATH_SEARCH_PATHS = "$(inherited) @executable_path/Frameworks";
				PRODUCT_BUNDLE_IDENTIFIER = space.freeappsw.SmartAssClippy;
				PRODUCT_NAME = "$(TARGET_NAME)";
				SWIFT_VERSION = 3.0;
				TARGETED_DEVICE_FAMILY = 1;
			};
			name = Release;
		};
/* End XCBuildConfiguration section */

/* Begin XCConfigurationList section */
		84CEBBD0225B45F200A2E005 /* Build configuration list for PBXProject "SmartAssClippy" */ = {
			isa = XCConfigurationList;
			buildConfigurations = (
				84CEBBE5225B45F400A2E005 /* Debug */,
				84CEBBE6225B45F400A2E005 /* Release */,
			);
			defaultConfigurationIsVisible = 0;
			defaultConfigurationName = Release;
		};
		84CEBBE7225B45F400A2E005 /* Build configuration list for PBXNativeTarget "SmartAssClippy" */ = {
			isa = XCConfigurationList;
			buildConfigurations = (
				84CEBBE8225B45F400A2E005 /* Debug */,
				84CEBBE9225B45F400A2E005 /* Release */,
			);
			defaultConfigurationIsVisible = 0;
			defaultConfigurationName = Release;
		};
/* End XCConfigurationList section */
	};
	rootObject = 84CEBBCD225B45F200A2E005 /* Project object */;
}
